
Microsoft Visual Studio Solution File, Format Version 12.00
# Visual Studio Version 17
VisualStudioVersion = 17.0.31903.59
MinimumVisualStudioVersion = 10.0.40219.1
Project("{2150E333-8FDC-42A3-9474-1A3956D46DE8}") = "server", "server", "{DAD03CFC-D5FA-AC94-41C7-9ABAB326F09E}"
EndProject
Project("{2150E333-8FDC-42A3-9474-1A3956D46DE8}") = "api", "api", "{B4E97FE4-7BC1-90E0-28D6-031C0A19B8B2}"
EndProject
Project("{2150E333-8FDC-42A3-9474-1A3956D46DE8}") = "src", "src", "{71094A04-EA5F-57D9-D3C0-BCA530120CD9}"
EndProject
Project("{2150E333-8FDC-42A3-9474-1A3956D46DE8}") = "Api", "Api", "{61000F33-7444-B2E8-AE74-947573AD0F87}"
EndProject
Project("{FAE04EC0-301F-11D3-BF4B-00C04F79EFBC}") = "ApplicationTracker.Api", "server\api\src\Api\ApplicationTracker.Api.csproj", "{C3150AFD-F2BD-47B1-92AF-77560129370D}"
EndProject
Project("{2150E333-8FDC-42A3-9474-1A3956D46DE8}") = "Core", "Core", "{821EE7B7-9DDA-30CF-FE4B-5B60AEC8D151}"
EndProject
Project("{FAE04EC0-301F-11D3-BF4B-00C04F79EFBC}") = "ApplicationTracker.Core", "server\api\src\Core\ApplicationTracker.Core.csproj", "{3E6267D0-C24E-4556-99C9-40E4CD5296A9}"
EndProject
Project("{2150E333-8FDC-42A3-9474-1A3956D46DE8}") = "Infrastructure", "Infrastructure", "{20E67D32-F1B8-C5C3-ED9A-6FDD636FB528}"
EndProject
Project("{FAE04EC0-301F-11D3-BF4B-00C04F79EFBC}") = "ApplicationTracker.Infrastructure", "server\api\src\Infrastructure\ApplicationTracker.Infrastructure.csproj", "{F05B7C96-B730-4AD4-8717-DA3CF285EF94}"
EndProject
Project("{2150E333-8FDC-42A3-9474-1A3956D46DE8}") = "PoolIngest", "PoolIngest", "{6D36AE62-DB77-8447-0E89-A46106E070DD}"
EndProject
Project("{FAE04EC0-301F-11D3-BF4B-00C04F79EFBC}") = "ApplicationTracker.PoolIngest", "server\api\src\PoolIngest\ApplicationTracker.PoolIngest.csproj", "{E55037FA-3986-4B58-942C-8713E020DC69}"
EndProject
Project("{2150E333-8FDC-42A3-9474-1A3956D46DE8}") = "DbCopy", "DbCopy", "{9917D8E2-717B-B9E9-202D-0477A64DB693}"
EndProject
Project("{FAE04EC0-301F-11D3-BF4B-00C04F79EFBC}") = "ApplicationTracker.DbCopy", "server\api\src\DbCopy\ApplicationTracker.DbCopy.csproj", "{60C0B9FC-EB9B-4A62-AF59-C5928A90FCF2}"
EndProject
Project("{2150E333-8FDC-42A3-9474-1A3956D46DE8}") = "Seeder", "Seeder", "{6C711955-7E9F-4998-E827-2AB0DC83FDAE}"
EndProject
Project("{FAE04EC0-301F-11D3-BF4B-00C04F79EFBC}") = "ApplicationTracker.Seeder", "server\api\src\Seeder\ApplicationTracker.Seeder.csproj", "{5922466B-673D-4176-960F-6BF37EC2DC2D}"
EndProject
Project("{2150E333-8FDC-42A3-9474-1A3956D46DE8}") = "tests", "tests", "{FCB427E0-FDB8-5505-C1C4-9D22ABF21C73}"
EndProject
Project("{FAE04EC0-301F-11D3-BF4B-00C04F79EFBC}") = "ArchitectureTests", "server\api\tests\ArchitectureTests\ArchitectureTests.csproj", "{EE90D802-A957-482E-B080-AAF5E6CA5106}"
EndProject
Project("{2150E333-8FDC-42A3-9474-1A3956D46DE8}") = "mailbot", "mailbot", "{56085709-087E-D856-9152-B8898587177B}"
EndProject
Project("{FAE04EC0-301F-11D3-BF4B-00C04F79EFBC}") = "Mailbot", "server\mailbot\Mailbot.csproj", "{2D21A6BE-DC75-42E9-9E9F-E2140CF7D3DE}"
EndProject
Project("{2150E333-8FDC-42A3-9474-1A3956D46DE8}") = "tests", "tests", "{AA267CB3-E117-9B60-7F2F-07D264EAE337}"
EndProject
Project("{FAE04EC0-301F-11D3-BF4B-00C04F79EFBC}") = "MailbotTests", "server\mailbot\tests\MailbotTests\MailbotTests.csproj", "{66F2E3C2-4E41-4583-A62D-B7986CA8B35C}"
EndProject
Project("{2150E333-8FDC-42A3-9474-1A3956D46DE8}") = "EvalHarness", "EvalHarness", "{C2E21635-0EEF-CB95-FD45-02442E88E640}"
EndProject
Project("{FAE04EC0-301F-11D3-BF4B-00C04F79EFBC}") = "ApplicationTracker.EvalHarness", "server\api\src\EvalHarness\ApplicationTracker.EvalHarness.csproj", "{FFFBB6BF-BE32-4F37-B76E-92DCC409850E}"
EndProject
Project("{FAE04EC0-301F-11D3-BF4B-00C04F79EFBC}") = "GreenhouseTests", "server\api\tests\GreenhouseTests\GreenhouseTests.csproj", "{6A0A1FC1-5219-43E9-8FB0-DC8B85741424}"
EndProject
Project("{2150E333-8FDC-42A3-9474-1A3956D46DE8}") = "Greenhouse", "Greenhouse", "{4D0C3963-F307-93ED-281F-21CB19897843}"
EndProject
Project("{FAE04EC0-301F-11D3-BF4B-00C04F79EFBC}") = "ApplicationTracker.Greenhouse", "server\api\src\Greenhouse\ApplicationTracker.Greenhouse.csproj", "{19A6660B-4C32-42A6-9379-A4B1906F3915}"
EndProject
Global
	GlobalSection(SolutionConfigurationPlatforms) = preSolution
		Debug|Any CPU = Debug|Any CPU
		Debug|x64 = Debug|x64
		Debug|x86 = Debug|x86
		Release|Any CPU = Release|Any CPU
		Release|x64 = Release|x64
		Release|x86 = Release|x86
	EndGlobalSection
	GlobalSection(ProjectConfigurationPlatforms) = postSolution
		{C3150AFD-F2BD-47B1-92AF-77560129370D}.Debug|Any CPU.ActiveCfg = Debug|Any CPU
		{C3150AFD-F2BD-47B1-92AF-77560129370D}.Debug|Any CPU.Build.0 = Debug|Any CPU
		{C3150AFD-F2BD-47B1-92AF-77560129370D}.Debug|x64.ActiveCfg = Debug|Any CPU
		{C3150AFD-F2BD-47B1-92AF-77560129370D}.Debug|x64.Build.0 = Debug|Any CPU
		{C3150AFD-F2BD-47B1-92AF-77560129370D}.Debug|x86.ActiveCfg = Debug|Any CPU
		{C3150AFD-F2BD-47B1-92AF-77560129370D}.Debug|x86.Build.0 = Debug|Any CPU
		{C3150AFD-F2BD-47B1-92AF-77560129370D}.Release|Any CPU.ActiveCfg = Release|Any CPU
		{C3150AFD-F2BD-47B1-92AF-77560129370D}.Release|Any CPU.Build.0 = Release|Any CPU
		{C3150AFD-F2BD-47B1-92AF-77560129370D}.Release|x64.ActiveCfg = Release|Any CPU
		{C3150AFD-F2BD-47B1-92AF-77560129370D}.Release|x64.Build.0 = Release|Any CPU
		{C3150AFD-F2BD-47B1-92AF-77560129370D}.Release|x86.ActiveCfg = Release|Any CPU
		{C3150AFD-F2BD-47B1-92AF-77560129370D}.Release|x86.Build.0 = Release|Any CPU
		{3E6267D0-C24E-4556-99C9-40E4CD5296A9}.Debug|Any CPU.ActiveCfg = Debug|Any CPU
		{3E6267D0-C24E-4556-99C9-40E4CD5296A9}.Debug|Any CPU.Build.0 = Debug|Any CPU
		{3E6267D0-C24E-4556-99C9-40E4CD5296A9}.Debug|x64.ActiveCfg = Debug|Any CPU
		{3E6267D0-C24E-4556-99C9-40E4CD5296A9}.Debug|x64.Build.0 = Debug|Any CPU
		{3E6267D0-C24E-4556-99C9-40E4CD5296A9}.Debug|x86.ActiveCfg = Debug|Any CPU
		{3E6267D0-C24E-4556-99C9-40E4CD5296A9}.Debug|x86.Build.0 = Debug|Any CPU
		{3E6267D0-C24E-4556-99C9-40E4CD5296A9}.Release|Any CPU.ActiveCfg = Release|Any CPU
		{3E6267D0-C24E-4556-99C9-40E4CD5296A9}.Release|Any CPU.Build.0 = Release|Any CPU
		{3E6267D0-C24E-4556-99C9-40E4CD5296A9}.Release|x64.ActiveCfg = Release|Any CPU
		{3E6267D0-C24E-4556-99C9-40E4CD5296A9}.Release|x64.Build.0 = Release|Any CPU
		{3E6267D0-C24E-4556-99C9-40E4CD5296A9}.Release|x86.ActiveCfg = Release|Any CPU
		{3E6267D0-C24E-4556-99C9-40E4CD5296A9}.Release|x86.Build.0 = Release|Any CPU
		{F05B7C96-B730-4AD4-8717-DA3CF285EF94}.Debug|Any CPU.ActiveCfg = Debug|Any CPU
		{F05B7C96-B730-4AD4-8717-DA3CF285EF94}.Debug|Any CPU.Build.0 = Debug|Any CPU
		{F05B7C96-B730-4AD4-8717-DA3CF285EF94}.Debug|x64.ActiveCfg = Debug|Any CPU
		{F05B7C96-B730-4AD4-8717-DA3CF285EF94}.Debug|x64.Build.0 = Debug|Any CPU
		{F05B7C96-B730-4AD4-8717-DA3CF285EF94}.Debug|x86.ActiveCfg = Debug|Any CPU
		{F05B7C96-B730-4AD4-8717-DA3CF285EF94}.Debug|x86.Build.0 = Debug|Any CPU
		{F05B7C96-B730-4AD4-8717-DA3CF285EF94}.Release|Any CPU.ActiveCfg = Release|Any CPU
		{F05B7C96-B730-4AD4-8717-DA3CF285EF94}.Release|Any CPU.Build.0 = Release|Any CPU
		{F05B7C96-B730-4AD4-8717-DA3CF285EF94}.Release|x64.ActiveCfg = Release|Any CPU
		{F05B7C96-B730-4AD4-8717-DA3CF285EF94}.Release|x64.Build.0 = Release|Any CPU
		{F05B7C96-B730-4AD4-8717-DA3CF285EF94}.Release|x86.ActiveCfg = Release|Any CPU
		{F05B7C96-B730-4AD4-8717-DA3CF285EF94}.Release|x86.Build.0 = Release|Any CPU
		{E55037FA-3986-4B58-942C-8713E020DC69}.Debug|Any CPU.ActiveCfg = Debug|Any CPU
		{E55037FA-3986-4B58-942C-8713E020DC69}.Debug|Any CPU.Build.0 = Debug|Any CPU
		{E55037FA-3986-4B58-942C-8713E020DC69}.Debug|x64.ActiveCfg = Debug|Any CPU
		{E55037FA-3986-4B58-942C-8713E020DC69}.Debug|x64.Build.0 = Debug|Any CPU
		{E55037FA-3986-4B58-942C-8713E020DC69}.Debug|x86.ActiveCfg = Debug|Any CPU
		{E55037FA-3986-4B58-942C-8713E020DC69}.Debug|x86.Build.0 = Debug|Any CPU
		{E55037FA-3986-4B58-942C-8713E020DC69}.Release|Any CPU.ActiveCfg = Release|Any CPU
		{E55037FA-3986-4B58-942C-8713E020DC69}.Release|Any CPU.Build.0 = Release|Any CPU
		{E55037FA-3986-4B58-942C-8713E020DC69}.Release|x64.ActiveCfg = Release|Any CPU
		{E55037FA-3986-4B58-942C-8713E020DC69}.Release|x64.Build.0 = Release|Any CPU
		{E55037FA-3986-4B58-942C-8713E020DC69}.Release|x86.ActiveCfg = Release|Any CPU
		{E55037FA-3986-4B58-942C-8713E020DC69}.Release|x86.Build.0 = Release|Any CPU
		{60C0B9FC-EB9B-4A62-AF59-C5928A90FCF2}.Debug|Any CPU.ActiveCfg = Debug|Any CPU
		{60C0B9FC-EB9B-4A62-AF59-C5928A90FCF2}.Debug|Any CPU.Build.0 = Debug|Any CPU
		{60C0B9FC-EB9B-4A62-AF59-C5928A90FCF2}.Debug|x64.ActiveCfg = Debug|Any CPU
		{60C0B9FC-EB9B-4A62-AF59-C5928A90FCF2}.Debug|x64.Build.0 = Debug|Any CPU
		{60C0B9FC-EB9B-4A62-AF59-C5928A90FCF2}.Debug|x86.ActiveCfg = Debug|Any CPU
		{60C0B9FC-EB9B-4A62-AF59-C5928A90FCF2}.Debug|x86.Build.0 = Debug|Any CPU
		{60C0B9FC-EB9B-4A62-AF59-C5928A90FCF2}.Release|Any CPU.ActiveCfg = Release|Any CPU
		{60C0B9FC-EB9B-4A62-AF59-C5928A90FCF2}.Release|Any CPU.Build.0 = Release|Any CPU
		{60C0B9FC-EB9B-4A62-AF59-C5928A90FCF2}.Release|x64.ActiveCfg = Release|Any CPU
		{60C0B9FC-EB9B-4A62-AF59-C5928A90FCF2}.Release|x64.Build.0 = Release|Any CPU
		{60C0B9FC-EB9B-4A62-AF59-C5928A90FCF2}.Release|x86.ActiveCfg = Release|Any CPU
		{60C0B9FC-EB9B-4A62-AF59-C5928A90FCF2}.Release|x86.Build.0 = Release|Any CPU
		{5922466B-673D-4176-960F-6BF37EC2DC2D}.Debug|Any CPU.ActiveCfg = Debug|Any CPU
		{5922466B-673D-4176-960F-6BF37EC2DC2D}.Debug|Any CPU.Build.0 = Debug|Any CPU
		{5922466B-673D-4176-960F-6BF37EC2DC2D}.Debug|x64.ActiveCfg = Debug|Any CPU
		{5922466B-673D-4176-960F-6BF37EC2DC2D}.Debug|x64.Build.0 = Debug|Any CPU
		{5922466B-673D-4176-960F-6BF37EC2DC2D}.Debug|x86.ActiveCfg = Debug|Any CPU
		{5922466B-673D-4176-960F-6BF37EC2DC2D}.Debug|x86.Build.0 = Debug|Any CPU
		{5922466B-673D-4176-960F-6BF37EC2DC2D}.Release|Any CPU.ActiveCfg = Release|Any CPU
		{5922466B-673D-4176-960F-6BF37EC2DC2D}.Release|Any CPU.Build.0 = Release|Any CPU
		{5922466B-673D-4176-960F-6BF37EC2DC2D}.Release|x64.ActiveCfg = Release|Any CPU
		{5922466B-673D-4176-960F-6BF37EC2DC2D}.Release|x64.Build.0 = Release|Any CPU
		{5922466B-673D-4176-960F-6BF37EC2DC2D}.Release|x86.ActiveCfg = Release|Any CPU
		{5922466B-673D-4176-960F-6BF37EC2DC2D}.Release|x86.Build.0 = Release|Any CPU
		{EE90D802-A957-482E-B080-AAF5E6CA5106}.Debug|Any CPU.ActiveCfg = Debug|Any CPU
		{EE90D802-A957-482E-B080-AAF5E6CA5106}.Debug|Any CPU.Build.0 = Debug|Any CPU
		{EE90D802-A957-482E-B080-AAF5E6CA5106}.Debug|x64.ActiveCfg = Debug|Any CPU
		{EE90D802-A957-482E-B080-AAF5E6CA5106}.Debug|x64.Build.0 = Debug|Any CPU
		{EE90D802-A957-482E-B080-AAF5E6CA5106}.Debug|x86.ActiveCfg = Debug|Any CPU
		{EE90D802-A957-482E-B080-AAF5E6CA5106}.Debug|x86.Build.0 = Debug|Any CPU
		{EE90D802-A957-482E-B080-AAF5E6CA5106}.Release|Any CPU.ActiveCfg = Release|Any CPU
		{EE90D802-A957-482E-B080-AAF5E6CA5106}.Release|Any CPU.Build.0 = Release|Any CPU
		{EE90D802-A957-482E-B080-AAF5E6CA5106}.Release|x64.ActiveCfg = Release|Any CPU
		{EE90D802-A957-482E-B080-AAF5E6CA5106}.Release|x64.Build.0 = Release|Any CPU
		{EE90D802-A957-482E-B080-AAF5E6CA5106}.Release|x86.ActiveCfg = Release|Any CPU
		{EE90D802-A957-482E-B080-AAF5E6CA5106}.Release|x86.Build.0 = Release|Any CPU
		{2D21A6BE-DC75-42E9-9E9F-E2140CF7D3DE}.Debug|Any CPU.ActiveCfg = Debug|Any CPU
		{2D21A6BE-DC75-42E9-9E9F-E2140CF7D3DE}.Debug|Any CPU.Build.0 = Debug|Any CPU
		{2D21A6BE-DC75-42E9-9E9F-E2140CF7D3DE}.Debug|x64.ActiveCfg = Debug|Any CPU
		{2D21A6BE-DC75-42E9-9E9F-E2140CF7D3DE}.Debug|x64.Build.0 = Debug|Any CPU
		{2D21A6BE-DC75-42E9-9E9F-E2140CF7D3DE}.Debug|x86.ActiveCfg = Debug|Any CPU
		{2D21A6BE-DC75-42E9-9E9F-E2140CF7D3DE}.Debug|x86.Build.0 = Debug|Any CPU
		{2D21A6BE-DC75-42E9-9E9F-E2140CF7D3DE}.Release|Any CPU.ActiveCfg = Release|Any CPU
		{2D21A6BE-DC75-42E9-9E9F-E2140CF7D3DE}.Release|Any CPU.Build.0 = Release|Any CPU
		{2D21A6BE-DC75-42E9-9E9F-E2140CF7D3DE}.Release|x64.ActiveCfg = Release|Any CPU
		{2D21A6BE-DC75-42E9-9E9F-E2140CF7D3DE}.Release|x64.Build.0 = Release|Any CPU
		{2D21A6BE-DC75-42E9-9E9F-E2140CF7D3DE}.Release|x86.ActiveCfg = Release|Any CPU
		{2D21A6BE-DC75-42E9-9E9F-E2140CF7D3DE}.Release|x86.Build.0 = Release|Any CPU
		{66F2E3C2-4E41-4583-A62D-B7986CA8B35C}.Debug|Any CPU.ActiveCfg = Debug|Any CPU
		{66F2E3C2-4E41-4583-A62D-B7986CA8B35C}.Debug|Any CPU.Build.0 = Debug|Any CPU
		{66F2E3C2-4E41-4583-A62D-B7986CA8B35C}.Debug|x64.ActiveCfg = Debug|Any CPU
		{66F2E3C2-4E41-4583-A62D-B7986CA8B35C}.Debug|x64.Build.0 = Debug|Any CPU
		{66F2E3C2-4E41-4583-A62D-B7986CA8B35C}.Debug|x86.ActiveCfg = Debug|Any CPU
		{66F2E3C2-4E41-4583-A62D-B7986CA8B35C}.Debug|x86.Build.0 = Debug|Any CPU
		{66F2E3C2-4E41-4583-A62D-B7986CA8B35C}.Release|Any CPU.ActiveCfg = Release|Any CPU
		{66F2E3C2-4E41-4583-A62D-B7986CA8B35C}.Release|Any CPU.Build.0 = Release|Any CPU
		{66F2E3C2-4E41-4583-A62D-B7986CA8B35C}.Release|x64.ActiveCfg = Release|Any CPU
		{66F2E3C2-4E41-4583-A62D-B7986CA8B35C}.Release|x64.Build.0 = Release|Any CPU
		{66F2E3C2-4E41-4583-A62D-B7986CA8B35C}.Release|x86.ActiveCfg = Release|Any CPU
		{66F2E3C2-4E41-4583-A62D-B7986CA8B35C}.Release|x86.Build.0 = Release|Any CPU
		{FFFBB6BF-BE32-4F37-B76E-92DCC409850E}.Debug|Any CPU.ActiveCfg = Debug|Any CPU
		{FFFBB6BF-BE32-4F37-B76E-92DCC409850E}.Debug|Any CPU.Build.0 = Debug|Any CPU
		{FFFBB6BF-BE32-4F37-B76E-92DCC409850E}.Debug|x64.ActiveCfg = Debug|Any CPU
		{FFFBB6BF-BE32-4F37-B76E-92DCC409850E}.Debug|x64.Build.0 = Debug|Any CPU
		{FFFBB6BF-BE32-4F37-B76E-92DCC409850E}.Debug|x86.ActiveCfg = Debug|Any CPU
		{FFFBB6BF-BE32-4F37-B76E-92DCC409850E}.Debug|x86.Build.0 = Debug|Any CPU
		{FFFBB6BF-BE32-4F37-B76E-92DCC409850E}.Release|Any CPU.ActiveCfg = Release|Any CPU
		{FFFBB6BF-BE32-4F37-B76E-92DCC409850E}.Release|Any CPU.Build.0 = Release|Any CPU
		{FFFBB6BF-BE32-4F37-B76E-92DCC409850E}.Release|x64.ActiveCfg = Release|Any CPU
		{FFFBB6BF-BE32-4F37-B76E-92DCC409850E}.Release|x64.Build.0 = Release|Any CPU
		{FFFBB6BF-BE32-4F37-B76E-92DCC409850E}.Release|x86.ActiveCfg = Release|Any CPU
		{FFFBB6BF-BE32-4F37-B76E-92DCC409850E}.Release|x86.Build.0 = Release|Any CPU
		{6A0A1FC1-5219-43E9-8FB0-DC8B85741424}.Debug|Any CPU.ActiveCfg = Debug|Any CPU
		{6A0A1FC1-5219-43E9-8FB0-DC8B85741424}.Debug|Any CPU.Build.0 = Debug|Any CPU
		{6A0A1FC1-5219-43E9-8FB0-DC8B85741424}.Debug|x64.ActiveCfg = Debug|Any CPU
		{6A0A1FC1-5219-43E9-8FB0-DC8B85741424}.Debug|x64.Build.0 = Debug|Any CPU
		{6A0A1FC1-5219-43E9-8FB0-DC8B85741424}.Debug|x86.ActiveCfg = Debug|Any CPU
		{6A0A1FC1-5219-43E9-8FB0-DC8B85741424}.Debug|x86.Build.0 = Debug|Any CPU
		{6A0A1FC1-5219-43E9-8FB0-DC8B85741424}.Release|Any CPU.ActiveCfg = Release|Any CPU
		{6A0A1FC1-5219-43E9-8FB0-DC8B85741424}.Release|Any CPU.Build.0 = Release|Any CPU
		{6A0A1FC1-5219-43E9-8FB0-DC8B85741424}.Release|x64.ActiveCfg = Release|Any CPU
		{6A0A1FC1-5219-43E9-8FB0-DC8B85741424}.Release|x64.Build.0 = Release|Any CPU
		{6A0A1FC1-5219-43E9-8FB0-DC8B85741424}.Release|x86.ActiveCfg = Release|Any CPU
		{6A0A1FC1-5219-43E9-8FB0-DC8B85741424}.Release|x86.Build.0 = Release|Any CPU
		{19A6660B-4C32-42A6-9379-A4B1906F3915}.Debug|Any CPU.ActiveCfg = Debug|Any CPU
		{19A6660B-4C32-42A6-9379-A4B1906F3915}.Debug|Any CPU.Build.0 = Debug|Any CPU
		{19A6660B-4C32-42A6-9379-A4B1906F3915}.Debug|x64.ActiveCfg = Debug|Any CPU
		{19A6660B-4C32-42A6-9379-A4B1906F3915}.Debug|x64.Build.0 = Debug|Any CPU
		{19A6660B-4C32-42A6-9379-A4B1906F3915}.Debug|x86.ActiveCfg = Debug|Any CPU
		{19A6660B-4C32-42A6-9379-A4B1906F3915}.Debug|x86.Build.0 = Debug|Any CPU
		{19A6660B-4C32-42A6-9379-A4B1906F3915}.Release|Any CPU.ActiveCfg = Release|Any CPU
		{19A6660B-4C32-42A6-9379-A4B1906F3915}.Release|Any CPU.Build.0 = Release|Any CPU
		{19A6660B-4C32-42A6-9379-A4B1906F3915}.Release|x64.ActiveCfg = Release|Any CPU
		{19A6660B-4C32-42A6-9379-A4B1906F3915}.Release|x64.Build.0 = Release|Any CPU
		{19A6660B-4C32-42A6-9379-A4B1906F3915}.Release|x86.ActiveCfg = Release|Any CPU
		{19A6660B-4C32-42A6-9379-A4B1906F3915}.Release|x86.Build.0 = Release|Any CPU
	EndGlobalSection
	GlobalSection(SolutionProperties) = preSolution
		HideSolutionNode = FALSE
	EndGlobalSection
	GlobalSection(NestedProjects) = preSolution
		{B4E97FE4-7BC1-90E0-28D6-031C0A19B8B2} = {DAD03CFC-D5FA-AC94-41C7-9ABAB326F09E}
		{71094A04-EA5F-57D9-D3C0-BCA530120CD9} = {B4E97FE4-7BC1-90E0-28D6-031C0A19B8B2}
		{61000F33-7444-B2E8-AE74-947573AD0F87} = {71094A04-EA5F-57D9-D3C0-BCA530120CD9}
		{C3150AFD-F2BD-47B1-92AF-77560129370D} = {61000F33-7444-B2E8-AE74-947573AD0F87}
		{821EE7B7-9DDA-30CF-FE4B-5B60AEC8D151} = {71094A04-EA5F-57D9-D3C0-BCA530120CD9}
		{3E6267D0-C24E-4556-99C9-40E4CD5296A9} = {821EE7B7-9DDA-30CF-FE4B-5B60AEC8D151}
		{20E67D32-F1B8-C5C3-ED9A-6FDD636FB528} = {71094A04-EA5F-57D9-D3C0-BCA530120CD9}
		{F05B7C96-B730-4AD4-8717-DA3CF285EF94} = {20E67D32-F1B8-C5C3-ED9A-6FDD636FB528}
		{6D36AE62-DB77-8447-0E89-A46106E070DD} = {71094A04-EA5F-57D9-D3C0-BCA530120CD9}
		{E55037FA-3986-4B58-942C-8713E020DC69} = {6D36AE62-DB77-8447-0E89-A46106E070DD}
		{9917D8E2-717B-B9E9-202D-0477A64DB693} = {71094A04-EA5F-57D9-D3C0-BCA530120CD9}
		{60C0B9FC-EB9B-4A62-AF59-C5928A90FCF2} = {9917D8E2-717B-B9E9-202D-0477A64DB693}
		{6C711955-7E9F-4998-E827-2AB0DC83FDAE} = {71094A04-EA5F-57D9-D3C0-BCA530120CD9}
		{5922466B-673D-4176-960F-6BF37EC2DC2D} = {6C711955-7E9F-4998-E827-2AB0DC83FDAE}
		{FCB427E0-FDB8-5505-C1C4-9D22ABF21C73} = {B4E97FE4-7BC1-90E0-28D6-031C0A19B8B2}
		{EE90D802-A957-482E-B080-AAF5E6CA5106} = {FCB427E0-FDB8-5505-C1C4-9D22ABF21C73}
		{56085709-087E-D856-9152-B8898587177B} = {DAD03CFC-D5FA-AC94-41C7-9ABAB326F09E}
		{2D21A6BE-DC75-42E9-9E9F-E2140CF7D3DE} = {56085709-087E-D856-9152-B8898587177B}
		{AA267CB3-E117-9B60-7F2F-07D264EAE337} = {56085709-087E-D856-9152-B8898587177B}
		{66F2E3C2-4E41-4583-A62D-B7986CA8B35C} = {AA267CB3-E117-9B60-7F2F-07D264EAE337}
		{C2E21635-0EEF-CB95-FD45-02442E88E640} = {71094A04-EA5F-57D9-D3C0-BCA530120CD9}
		{FFFBB6BF-BE32-4F37-B76E-92DCC409850E} = {C2E21635-0EEF-CB95-FD45-02442E88E640}
		{6A0A1FC1-5219-43E9-8FB0-DC8B85741424} = {FCB427E0-FDB8-5505-C1C4-9D22ABF21C73}
		{4D0C3963-F307-93ED-281F-21CB19897843} = {71094A04-EA5F-57D9-D3C0-BCA530120CD9}
		{19A6660B-4C32-42A6-9379-A4B1906F3915} = {4D0C3963-F307-93ED-281F-21CB19897843}
	EndGlobalSection
EndGlobal
